
Microsoft Visual Studio Solution File, Format Version 12.00
# Visual Studio Version 17
VisualStudioVersion = 17.7.34031.279
MinimumVisualStudioVersion = 10.0.40219.1
Project("{FAE04EC0-301F-11D3-BF4B-00C04F79EFBC}") = "Desktop_Homework2", "Desktop_Homework2.csproj", "{4257B434-5CA4-443C-B9FA-DE0D00B69C61}"
EndProject
Global
	GlobalSection(SolutionConfigurationPlatforms) = preSolution
		Debug|Any CPU = Debug|Any CPU
		Release|Any CPU = Release|Any CPU
	EndGlobalSection
	GlobalSection(ProjectConfigurationPlatforms) = postSolution
		{4257B434-5CA4-443C-B9FA-DE0D00B69C61}.Debug|Any CPU.ActiveCfg = Debug|Any CPU
		{4257B434-5CA4-443C-B9FA-DE0D00B69C61}.Debug|Any CPU.Build.0 = Debug|Any CPU
		{4257B434-5CA4-443C-B9FA-DE0D00B69C61}.Release|Any CPU.ActiveCfg = Release|Any CPU
		{4257B434-5CA4-443C-B9FA-DE0D00B69C61}.Release|Any CPU.Build.0 = Release|Any CPU
	EndGlobalSection
	GlobalSection(SolutionProperties) = preSolution
		HideSolutionNode = FALSE
	EndGlobalSection
	GlobalSection(ExtensibilityGlobals) = postSolution
		SolutionGuid = {DC239730-53FC-4E26-8557-1D1F468F8B7D}
	EndGlobalSection
EndGlobal
